<?xml version="1.0" encoding="utf-8"?>
<Project ToolsVersion="4.0" xmlns="http://schemas.microsoft.com/developer/msbuild/2003">
  <ItemGroup>
    <Filter Include="Source Files">
      <UniqueIdentifier>{4FC737F1-C7A5-4376-A066-2A32D752A2FF}</UniqueIdentifier>
      <Extensions>cpp;c;cc;cxx;def;odl;idl;hpj;bat;asm;asmx</Extensions>
    </Filter>
    <Filter Include="Header Files">
      <UniqueIdentifier>{93995380-89BD-4b04-88EB-625FBE52EBFB}</UniqueIdentifier>
      <Extensions>h;hpp;hxx;hm;inl;inc;xsd</Extensions>
    </Filter>
    <Filter Include="Resource Files">
      <UniqueIdentifier>{67DA6AB6-F800-4c08-8B7A-83BB121AAD01}</UniqueIdentifier>
      <Extensions>rc;ico;cur;bmp;dlg;rc2;rct;bin;rgs;gif;jpg;jpeg;jpe;resx;tiff;tif;png;wav;mfcribbon-ms</Extensions>
    </Filter>
  </ItemGroup>
  <ItemGroup>
    <None Include="ReadMe.txt" />
    <None Include="Injection.def">
      <Filter>Source Files</Filter>
    </None>
    <None Include="res\01A2B1CAA27F9ACA9F256DAC6C11E493#64_2_0_50727_3625">
      <Filter>Resource Files</Filter>
    </None>
    <None Include="res\1BC333D76444B51B01A74B7447ADBC9E#64_2_0_50727_4963">
      <Filter>Resource Files</Filter>
    </None>
    <None Include="res\1C88CF5977C016A37BFAC1178DAA7822#32_2_0_50727_3634">
      <Filter>Resource Files</Filter>
    </None>
    <None Include="res\3CA4ADDA47D97DDF412893F1D03EA6F6#64_2_0_50727_4971">
      <Filter>Resource Files</Filter>
    </None>
    <None Include="res\004D1D9A6FA07E489B4A58736BCBD2AF#64_4_0_30319_18010">
      <Filter>Resource Files</Filter>
    </None>
    <None Include="res\5C937FE10EF2887B220BAE1F8795FAC6#64_4_6_1076_0">
      <Filter>Resource Files</Filter>
    </None>
    <None Include="res\42A5549F92DD52A1F75470E4A38B5A49#32_4_0_30319_225">
      <Filter>Resource Files</Filter>
    </None>
    <None Include="res\44A38DA547FBFEB2F2B3D480728805DE#32_2_0_50727_4963">
      <Filter>Resource Files</Filter>
    </None>
    <None Include="res\102A78CB6405B22FF019ED8465C14B1F#32_4_0_30319_17379">
      <Filter>Resource Files</Filter>
    </None>
    <None Include="res\215CE077258CEDD5BE4C56E9D614DB9F#32_4_0_30319_269">
      <Filter>Resource Files</Filter>
    </None>
    <None Include="res\371F93342A4BBA90CDB2E93F84C025DE#64_4_0_30319_239">
      <Filter>Resource Files</Filter>
    </None>
    <None Include="res\836B35C5C8C5E6DE6CB0035D075755C7#64_4_0_30319_34209">
      <Filter>Resource Files</Filter>
    </None>
    <None Include="res\1395B4487D0FBD6F3DC0750A49A9F101#64_4_0_30319_18408">
      <Filter>Resource Files</Filter>
    </None>
    <None Include="res\4552F8F61A7975C2359D19673483604D#32_2_0_50727_5456">
      <Filter>Resource Files</Filter>
    </None>
    <None Include="res\34460D340829C7AAF75385AF1F626307#32_4_0_30319_17626">
      <Filter>Resource Files</Filter>
    </None>
    <None Include="res\88565B7C81145709F919AB75EAE004B6#32_2_0_50727_5710">
      <Filter>Resource Files</Filter>
    </None>
    <None Include="res\96076B8FCDFF3C6DB4CCFBF7FE3A9B28#32_2_0_50727_5448">
      <Filter>Resource Files</Filter>
    </None>
    <None Include="res\951500AD4685B89423AB52665CADF653#64_2_0_50727_5448">
      <Filter>Resource Files</Filter>
    </None>
    <None Include="res\A4ED0EF4828C874B45896018E523CDE6#64_2_0_50727_6387">
      <Filter>Resource Files</Filter>
    </None>
    <None Include="res\A05C0003E8D7CEA359A439690554F8BB#64_2_0_50727_5456">
      <Filter>Resource Files</Filter>
    </None>
    <None Include="res\A696FF8482F1F23C6C883116FD0C417D#64_4_0_30319_17379">
      <Filter>Resource Files</Filter>
    </None>
    <None Include="res\AD6B6C89CC0A53338E000CC887610D71#64_4_0_30319_17929">
      <Filter>Resource Files</Filter>
    </None>
    <None Include="res\C42AE64F5DB6BC5E947B7E3E1B1E633E#32_2_0_50727_4223">
      <Filter>Resource Files</Filter>
    </None>
    <None Include="res\CF96AE49A34CE525D735A2666FF53CD6#64_4_0_30319_269">
      <Filter>Resource Files</Filter>
    </None>
    <None Include="res\E4A1EF32903C4CC840121F4F5027FF0A#64_2_0_50727_3634">
      <Filter>Resource Files</Filter>
    </None>
    <None Include="res\EF5B2B3E4C0EA504A49C34D826319221#64_4_0_30319_1">
      <Filter>Resource Files</Filter>
    </None>
    <None Include="res\F43F70AF86B02890FCF95ED91EA373BB#32_4_0_30319_17929">
      <Filter>Resource Files</Filter>
    </None>
    <None Include="res\F64FD5C7FEF7FC25CBA37974FF3584D7#32_4_0_30319_239">
      <Filter>Resource Files</Filter>
    </None>
    <None Include="res\FF98EF5A50EA52FA115FE60B0F0A92B1#32_2_0_50727_5485">
      <Filter>Resource Files</Filter>
    </None>
    <None Include="res\259AF6E8D5E3E28B8299FAA65473FB62#32_4_0_30319_18408">
      <Filter>Resource Files</Filter>
    </None>
    <None Include="res\A15811EF4A3D20F6C7D67C4673014E18#32_4_0_30319_34209">
      <Filter>Resource Files</Filter>
    </None>
    <None Include="res\188D7905AE4C49101B1731F61F6EF570#32_4_5_27_0">
      <Filter>Resource Files</Filter>
    </None>
    <None Include="res\D7FFCA48DB0B62DE58837ADE767398DF#64_4_5_27_0">
      <Filter>Resource Files</Filter>
    </None>
    <None Include="res\9B8F2F20589230F09C70BA0A9C589C9F#64_2_0_50727_5485">
      <Filter>Resource Files</Filter>
    </None>
    <None Include="res\7FEEE354FEB26A9612E07596BBE53AB2#64_4_6_81_0">
      <Filter>Resource Files</Filter>
    </None>
    <None Include="res\8FB77F240152EA24452E6C467147E54F#32_4_6_81_0">
      <Filter>Resource Files</Filter>
    </None>
    <None Include="res\2FAFB5EDCDBE9CB2DA4535910C15DC9D#32_4_6_1055_0">
      <Filter>Resource Files</Filter>
    </None>
    <None Include="res\72FF1E427AFF95B8F062601A8C137A56#64_4_6_1055_0">
      <Filter>Resource Files</Filter>
    </None>
    <None Include="res\658EAE54D2F7C729B5D7768715DE071D#32_4_6_1532_0">
      <Filter>Resource Files</Filter>
    </None>
    <None Include="res\7871D332FFCA5B18C77313270E343048#64_4_6_1532_0">
      <Filter>Resource Files</Filter>
    </None>
    <None Include="res\65473F09BCF3DB3A67227311D1C7B691#64_4_6_1590_0">
      <Filter>Resource Files</Filter>
    </None>
    <None Include="res\6FAA411F45271A95A8445A715F129B5E#32_4_6_1076_0">
      <Filter>Resource Files</Filter>
    </None>
    <None Include="res\1B4243355F21CAB9EEFE09DBAFE78677#32_4_6_1590_0">
      <Filter>Resource Files</Filter>
    </None>
  </ItemGroup>
  <ItemGroup>
    <ClInclude Include="stdafx.h">
      <Filter>Header Files</Filter>
    </ClInclude>
    <ClInclude Include="Injection.h">
      <Filter>Header Files</Filter>
    </ClInclude>
    <ClInclude Include="PdbHelper.h">
      <Filter>Header Files</Filter>
    </ClInclude>
    <ClInclude Include="Utility.h">
      <Filter>Header Files</Filter>
    </ClInclude>
    <ClInclude Include="SymbolAddressCache.h">
      <Filter>Header Files</Filter>
    </ClInclude>
    <ClInclude Include="resource.h">
      <Filter>Header Files</Filter>
    </ClInclude>
    <ClInclude Include="Inspection.h">
      <Filter>Header Files</Filter>
    </ClInclude>
    <ClInclude Include="ICorJitCompiler.h">
      <Filter>Header Files</Filter>
    </ClInclude>
    <ClInclude Include="LoadedMethodDescIterator.h">
      <Filter>Header Files</Filter>
    </ClInclude>
    <ClInclude Include="MethodDesc.h">
      <Filter>Header Files</Filter>
    </ClInclude>
  </ItemGroup>
  <ItemGroup>
    <ClCompile Include="stdafx.cpp">
      <Filter>Source Files</Filter>
    </ClCompile>
    <ClCompile Include="dllmain.cpp">
      <Filter>Source Files</Filter>
    </ClCompile>
    <ClCompile Include="Injection.cpp">
      <Filter>Source Files</Filter>
    </ClCompile>
    <ClCompile Include="PdbHelper.cpp">
      <Filter>Source Files</Filter>
    </ClCompile>
    <ClCompile Include="Utility.cpp">
      <Filter>Source Files</Filter>
    </ClCompile>
    <ClCompile Include="SymbolAddressCache.cpp">
      <Filter>Source Files</Filter>
    </ClCompile>
    <ClCompile Include="Inspection.cpp">
      <Filter>Source Files</Filter>
    </ClCompile>
    <ClCompile Include="ICorJitCompiler.cpp">
      <Filter>Source Files</Filter>
    </ClCompile>
    <ClCompile Include="LoadedMethodDescIterator.cpp">
      <Filter>Source Files</Filter>
    </ClCompile>
    <ClCompile Include="MethodDesc.cpp">
      <Filter>Source Files</Filter>
    </ClCompile>
  </ItemGroup>
  <ItemGroup>
    <ResourceCompile Include="Injection.rc">
      <Filter>Resource Files</Filter>
    </ResourceCompile>
  </ItemGroup>
</Project>