
Microsoft Visual Studio Solution File, Format Version 12.00
# Visual Studio 15
VisualStudioVersion = 15.0.26730.3
MinimumVisualStudioVersion = 10.0.40219.1
Project("{FAE04EC0-301F-11D3-BF4B-00C04F79EFBC}") = "Test_DotNet46_x64_VS2015", "Demo\DotNet46_x64\Test_DotNet46_x64_VS2015.csproj", "{8F79A9F8-DBE1-42BA-92EA-715E856564C4}"
EndProject
Project("{FAE04EC0-301F-11D3-BF4B-00C04F79EFBC}") = "Test_DotNet46_VS2015", "Demo\DotNet46\Test_DotNet46_VS2015.csproj", "{85D856E2-7005-41ED-ADEC-10E10D4EC50C}"
EndProject
Project("{8BC9CEB8-8B4A-11D0-8D11-00A0C91BC942}") = "Injection_VS2017", "Injection\Injection_VS2017.vcxproj", "{37E110D7-9E62-4196-BCFE-7DFC16B1D9D8}"
EndProject
Global
	GlobalSection(SolutionConfigurationPlatforms) = preSolution
		Debug - X64|Mixed Platforms = Debug - X64|Mixed Platforms
		Debug - X64|x64 = Debug - X64|x64
		Debug - X64|x86 = Debug - X64|x86
		Debug - X86|Mixed Platforms = Debug - X86|Mixed Platforms
		Debug - X86|x64 = Debug - X86|x64
		Debug - X86|x86 = Debug - X86|x86
		Debug|Mixed Platforms = Debug|Mixed Platforms
		Debug|x64 = Debug|x64
		Debug|x86 = Debug|x86
		Release - X64|Mixed Platforms = Release - X64|Mixed Platforms
		Release - X64|x64 = Release - X64|x64
		Release - X64|x86 = Release - X64|x86
		Release - X86|Mixed Platforms = Release - X86|Mixed Platforms
		Release - X86|x64 = Release - X86|x64
		Release - X86|x86 = Release - X86|x86
		Release|Mixed Platforms = Release|Mixed Platforms
		Release|x64 = Release|x64
		Release|x86 = Release|x86
	EndGlobalSection
	GlobalSection(ProjectConfigurationPlatforms) = postSolution
		{8F79A9F8-DBE1-42BA-92EA-715E856564C4}.Debug - X64|Mixed Platforms.ActiveCfg = Release|x64
		{8F79A9F8-DBE1-42BA-92EA-715E856564C4}.Debug - X64|Mixed Platforms.Build.0 = Release|x64
		{8F79A9F8-DBE1-42BA-92EA-715E856564C4}.Debug - X64|x64.ActiveCfg = Release|x64
		{8F79A9F8-DBE1-42BA-92EA-715E856564C4}.Debug - X64|x64.Build.0 = Release|x64
		{8F79A9F8-DBE1-42BA-92EA-715E856564C4}.Debug - X64|x86.ActiveCfg = Release|x64
		{8F79A9F8-DBE1-42BA-92EA-715E856564C4}.Debug - X64|x86.Build.0 = Release|x64
		{8F79A9F8-DBE1-42BA-92EA-715E856564C4}.Debug - X86|Mixed Platforms.ActiveCfg = Release|x64
		{8F79A9F8-DBE1-42BA-92EA-715E856564C4}.Debug - X86|Mixed Platforms.Build.0 = Release|x64
		{8F79A9F8-DBE1-42BA-92EA-715E856564C4}.Debug - X86|x64.ActiveCfg = Release|x64
		{8F79A9F8-DBE1-42BA-92EA-715E856564C4}.Debug - X86|x64.Build.0 = Release|x64
		{8F79A9F8-DBE1-42BA-92EA-715E856564C4}.Debug - X86|x86.ActiveCfg = Release|x64
		{8F79A9F8-DBE1-42BA-92EA-715E856564C4}.Debug - X86|x86.Build.0 = Release|x64
		{8F79A9F8-DBE1-42BA-92EA-715E856564C4}.Debug|Mixed Platforms.ActiveCfg = Release|x64
		{8F79A9F8-DBE1-42BA-92EA-715E856564C4}.Debug|Mixed Platforms.Build.0 = Release|x64
		{8F79A9F8-DBE1-42BA-92EA-715E856564C4}.Debug|x64.ActiveCfg = Release|x64
		{8F79A9F8-DBE1-42BA-92EA-715E856564C4}.Debug|x64.Build.0 = Release|x64
		{8F79A9F8-DBE1-42BA-92EA-715E856564C4}.Debug|x86.ActiveCfg = Release|x64
		{8F79A9F8-DBE1-42BA-92EA-715E856564C4}.Debug|x86.Build.0 = Release|x64
		{8F79A9F8-DBE1-42BA-92EA-715E856564C4}.Release - X64|Mixed Platforms.ActiveCfg = Release|x64
		{8F79A9F8-DBE1-42BA-92EA-715E856564C4}.Release - X64|Mixed Platforms.Build.0 = Release|x64
		{8F79A9F8-DBE1-42BA-92EA-715E856564C4}.Release - X64|x64.ActiveCfg = Release|x64
		{8F79A9F8-DBE1-42BA-92EA-715E856564C4}.Release - X64|x64.Build.0 = Release|x64
		{8F79A9F8-DBE1-42BA-92EA-715E856564C4}.Release - X64|x86.ActiveCfg = Release|x64
		{8F79A9F8-DBE1-42BA-92EA-715E856564C4}.Release - X64|x86.Build.0 = Release|x64
		{8F79A9F8-DBE1-42BA-92EA-715E856564C4}.Release - X86|Mixed Platforms.ActiveCfg = Release|x64
		{8F79A9F8-DBE1-42BA-92EA-715E856564C4}.Release - X86|Mixed Platforms.Build.0 = Release|x64
		{8F79A9F8-DBE1-42BA-92EA-715E856564C4}.Release - X86|x64.ActiveCfg = Release|x64
		{8F79A9F8-DBE1-42BA-92EA-715E856564C4}.Release - X86|x64.Build.0 = Release|x64
		{8F79A9F8-DBE1-42BA-92EA-715E856564C4}.Release - X86|x86.ActiveCfg = Release|x64
		{8F79A9F8-DBE1-42BA-92EA-715E856564C4}.Release - X86|x86.Build.0 = Release|x64
		{8F79A9F8-DBE1-42BA-92EA-715E856564C4}.Release|Mixed Platforms.ActiveCfg = Release|x64
		{8F79A9F8-DBE1-42BA-92EA-715E856564C4}.Release|Mixed Platforms.Build.0 = Release|x64
		{8F79A9F8-DBE1-42BA-92EA-715E856564C4}.Release|x64.ActiveCfg = Release|x64
		{8F79A9F8-DBE1-42BA-92EA-715E856564C4}.Release|x64.Build.0 = Release|x64
		{8F79A9F8-DBE1-42BA-92EA-715E856564C4}.Release|x86.ActiveCfg = Release|x64
		{8F79A9F8-DBE1-42BA-92EA-715E856564C4}.Release|x86.Build.0 = Release|x64
		{85D856E2-7005-41ED-ADEC-10E10D4EC50C}.Debug - X64|Mixed Platforms.ActiveCfg = Release|x86
		{85D856E2-7005-41ED-ADEC-10E10D4EC50C}.Debug - X64|Mixed Platforms.Build.0 = Release|x86
		{85D856E2-7005-41ED-ADEC-10E10D4EC50C}.Debug - X64|x64.ActiveCfg = Release|x86
		{85D856E2-7005-41ED-ADEC-10E10D4EC50C}.Debug - X64|x64.Build.0 = Release|x86
		{85D856E2-7005-41ED-ADEC-10E10D4EC50C}.Debug - X64|x86.ActiveCfg = Release|x86
		{85D856E2-7005-41ED-ADEC-10E10D4EC50C}.Debug - X64|x86.Build.0 = Release|x86
		{85D856E2-7005-41ED-ADEC-10E10D4EC50C}.Debug - X86|Mixed Platforms.ActiveCfg = Release|x86
		{85D856E2-7005-41ED-ADEC-10E10D4EC50C}.Debug - X86|Mixed Platforms.Build.0 = Release|x86
		{85D856E2-7005-41ED-ADEC-10E10D4EC50C}.Debug - X86|x64.ActiveCfg = Release|x86
		{85D856E2-7005-41ED-ADEC-10E10D4EC50C}.Debug - X86|x64.Build.0 = Release|x86
		{85D856E2-7005-41ED-ADEC-10E10D4EC50C}.Debug - X86|x86.ActiveCfg = Release|x86
		{85D856E2-7005-41ED-ADEC-10E10D4EC50C}.Debug - X86|x86.Build.0 = Release|x86
		{85D856E2-7005-41ED-ADEC-10E10D4EC50C}.Debug|Mixed Platforms.ActiveCfg = Release|x86
		{85D856E2-7005-41ED-ADEC-10E10D4EC50C}.Debug|Mixed Platforms.Build.0 = Release|x86
		{85D856E2-7005-41ED-ADEC-10E10D4EC50C}.Debug|x64.ActiveCfg = Release|x86
		{85D856E2-7005-41ED-ADEC-10E10D4EC50C}.Debug|x64.Build.0 = Release|x86
		{85D856E2-7005-41ED-ADEC-10E10D4EC50C}.Debug|x86.ActiveCfg = Release|x86
		{85D856E2-7005-41ED-ADEC-10E10D4EC50C}.Debug|x86.Build.0 = Release|x86
		{85D856E2-7005-41ED-ADEC-10E10D4EC50C}.Release - X64|Mixed Platforms.ActiveCfg = Release|x86
		{85D856E2-7005-41ED-ADEC-10E10D4EC50C}.Release - X64|Mixed Platforms.Build.0 = Release|x86
		{85D856E2-7005-41ED-ADEC-10E10D4EC50C}.Release - X64|x64.ActiveCfg = Release|x86
		{85D856E2-7005-41ED-ADEC-10E10D4EC50C}.Release - X64|x64.Build.0 = Release|x86
		{85D856E2-7005-41ED-ADEC-10E10D4EC50C}.Release - X64|x86.ActiveCfg = Release|x86
		{85D856E2-7005-41ED-ADEC-10E10D4EC50C}.Release - X64|x86.Build.0 = Release|x86
		{85D856E2-7005-41ED-ADEC-10E10D4EC50C}.Release - X86|Mixed Platforms.ActiveCfg = Release|x86
		{85D856E2-7005-41ED-ADEC-10E10D4EC50C}.Release - X86|Mixed Platforms.Build.0 = Release|x86
		{85D856E2-7005-41ED-ADEC-10E10D4EC50C}.Release - X86|x64.ActiveCfg = Release|x86
		{85D856E2-7005-41ED-ADEC-10E10D4EC50C}.Release - X86|x64.Build.0 = Release|x86
		{85D856E2-7005-41ED-ADEC-10E10D4EC50C}.Release - X86|x86.ActiveCfg = Release|x86
		{85D856E2-7005-41ED-ADEC-10E10D4EC50C}.Release - X86|x86.Build.0 = Release|x86
		{85D856E2-7005-41ED-ADEC-10E10D4EC50C}.Release|Mixed Platforms.ActiveCfg = Release|x86
		{85D856E2-7005-41ED-ADEC-10E10D4EC50C}.Release|Mixed Platforms.Build.0 = Release|x86
		{85D856E2-7005-41ED-ADEC-10E10D4EC50C}.Release|x64.ActiveCfg = Release|x86
		{85D856E2-7005-41ED-ADEC-10E10D4EC50C}.Release|x64.Build.0 = Release|x86
		{85D856E2-7005-41ED-ADEC-10E10D4EC50C}.Release|x86.ActiveCfg = Release|x86
		{85D856E2-7005-41ED-ADEC-10E10D4EC50C}.Release|x86.Build.0 = Release|x86
		{37E110D7-9E62-4196-BCFE-7DFC16B1D9D8}.Debug - X64|Mixed Platforms.ActiveCfg = Debug - X64|Win32
		{37E110D7-9E62-4196-BCFE-7DFC16B1D9D8}.Debug - X64|Mixed Platforms.Build.0 = Debug - X64|Win32
		{37E110D7-9E62-4196-BCFE-7DFC16B1D9D8}.Debug - X64|x64.ActiveCfg = Debug - X64|x64
		{37E110D7-9E62-4196-BCFE-7DFC16B1D9D8}.Debug - X64|x64.Build.0 = Debug - X64|x64
		{37E110D7-9E62-4196-BCFE-7DFC16B1D9D8}.Debug - X64|x86.ActiveCfg = Debug - X64|Win32
		{37E110D7-9E62-4196-BCFE-7DFC16B1D9D8}.Debug - X64|x86.Build.0 = Debug - X64|Win32
		{37E110D7-9E62-4196-BCFE-7DFC16B1D9D8}.Debug - X86|Mixed Platforms.ActiveCfg = Debug - X64|Win32
		{37E110D7-9E62-4196-BCFE-7DFC16B1D9D8}.Debug - X86|Mixed Platforms.Build.0 = Debug - X64|Win32
		{37E110D7-9E62-4196-BCFE-7DFC16B1D9D8}.Debug - X86|x64.ActiveCfg = Debug - X64|x64
		{37E110D7-9E62-4196-BCFE-7DFC16B1D9D8}.Debug - X86|x64.Build.0 = Debug - X64|x64
		{37E110D7-9E62-4196-BCFE-7DFC16B1D9D8}.Debug - X86|x86.ActiveCfg = Debug - X64|Win32
		{37E110D7-9E62-4196-BCFE-7DFC16B1D9D8}.Debug - X86|x86.Build.0 = Debug - X64|Win32
		{37E110D7-9E62-4196-BCFE-7DFC16B1D9D8}.Debug|Mixed Platforms.ActiveCfg = Debug|Win32
		{37E110D7-9E62-4196-BCFE-7DFC16B1D9D8}.Debug|Mixed Platforms.Build.0 = Debug|Win32
		{37E110D7-9E62-4196-BCFE-7DFC16B1D9D8}.Debug|x64.ActiveCfg = Debug|x64
		{37E110D7-9E62-4196-BCFE-7DFC16B1D9D8}.Debug|x64.Build.0 = Debug|x64
		{37E110D7-9E62-4196-BCFE-7DFC16B1D9D8}.Debug|x86.ActiveCfg = Debug|Win32
		{37E110D7-9E62-4196-BCFE-7DFC16B1D9D8}.Debug|x86.Build.0 = Debug|Win32
		{37E110D7-9E62-4196-BCFE-7DFC16B1D9D8}.Release - X64|Mixed Platforms.ActiveCfg = Release - X64|Win32
		{37E110D7-9E62-4196-BCFE-7DFC16B1D9D8}.Release - X64|Mixed Platforms.Build.0 = Release - X64|Win32
		{37E110D7-9E62-4196-BCFE-7DFC16B1D9D8}.Release - X64|x64.ActiveCfg = Release - X64|x64
		{37E110D7-9E62-4196-BCFE-7DFC16B1D9D8}.Release - X64|x64.Build.0 = Release - X64|x64
		{37E110D7-9E62-4196-BCFE-7DFC16B1D9D8}.Release - X64|x86.ActiveCfg = Release - X64|Win32
		{37E110D7-9E62-4196-BCFE-7DFC16B1D9D8}.Release - X64|x86.Build.0 = Release - X64|Win32
		{37E110D7-9E62-4196-BCFE-7DFC16B1D9D8}.Release - X86|Mixed Platforms.ActiveCfg = Release - X64|Win32
		{37E110D7-9E62-4196-BCFE-7DFC16B1D9D8}.Release - X86|Mixed Platforms.Build.0 = Release - X64|Win32
		{37E110D7-9E62-4196-BCFE-7DFC16B1D9D8}.Release - X86|x64.ActiveCfg = Release - X64|x64
		{37E110D7-9E62-4196-BCFE-7DFC16B1D9D8}.Release - X86|x64.Build.0 = Release - X64|x64
		{37E110D7-9E62-4196-BCFE-7DFC16B1D9D8}.Release - X86|x86.ActiveCfg = Release - X64|Win32
		{37E110D7-9E62-4196-BCFE-7DFC16B1D9D8}.Release - X86|x86.Build.0 = Release - X64|Win32
		{37E110D7-9E62-4196-BCFE-7DFC16B1D9D8}.Release|Mixed Platforms.ActiveCfg = Release|Win32
		{37E110D7-9E62-4196-BCFE-7DFC16B1D9D8}.Release|Mixed Platforms.Build.0 = Release|Win32
		{37E110D7-9E62-4196-BCFE-7DFC16B1D9D8}.Release|x64.ActiveCfg = Release|x64
		{37E110D7-9E62-4196-BCFE-7DFC16B1D9D8}.Release|x64.Build.0 = Release|x64
		{37E110D7-9E62-4196-BCFE-7DFC16B1D9D8}.Release|x86.ActiveCfg = Release|Win32
		{37E110D7-9E62-4196-BCFE-7DFC16B1D9D8}.Release|x86.Build.0 = Release|Win32
	EndGlobalSection
	GlobalSection(SolutionProperties) = preSolution
		HideSolutionNode = FALSE
	EndGlobalSection
	GlobalSection(ExtensibilityGlobals) = postSolution
		SolutionGuid = {7EBFEC05-3F05-4520-B106-10C811DD2B51}
	EndGlobalSection
EndGlobal
