
Microsoft Visual Studio Solution File, Format Version 12.00
# Visual Studio 14
VisualStudioVersion = 14.0.25123.0
MinimumVisualStudioVersion = 10.0.40219.1
Project("{FAE04EC0-301F-11D3-BF4B-00C04F79EFBC}") = "Test_DotNet20_VS2010", "Demo\DotNet20\Test_DotNet20_VS2010.csproj", "{6783DD47-B69D-4B6E-AB2F-1986CC20D598}"
EndProject
Project("{FAE04EC0-301F-11D3-BF4B-00C04F79EFBC}") = "Test_DotNet35_VS2010", "Demo\DotNet35\Test_DotNet35_VS2010.csproj", "{001E7AD1-1DB7-4267-ABE6-37EE984656E2}"
EndProject
Project("{FAE04EC0-301F-11D3-BF4B-00C04F79EFBC}") = "Test_DotNet40_VS2010", "Demo\DotNet40\Test_DotNet40_VS2010.csproj", "{56AF08D4-EBBC-4F32-B47D-4FC87E091AF7}"
EndProject
Project("{FAE04EC0-301F-11D3-BF4B-00C04F79EFBC}") = "Test_DotNet20_x64_VS2010", "Demo\DotNet20_x64\Test_DotNet20_x64_VS2010.csproj", "{13D422DC-9F8D-457B-831D-AD0846B02F9F}"
EndProject
Project("{FAE04EC0-301F-11D3-BF4B-00C04F79EFBC}") = "Test_DotNet35_x64_VS2010", "Demo\DotNet35_x64\Test_DotNet35_x64_VS2010.csproj", "{7A5130C6-1441-45C8-AA7E-58D523E5AD12}"
EndProject
Project("{FAE04EC0-301F-11D3-BF4B-00C04F79EFBC}") = "Test_DotNet40_x64_VS2010", "Demo\DotNet40_x64\Test_DotNet40_x64_VS2010.csproj", "{ECF1FA2D-5DF6-45A5-B143-A4415EAA2B8C}"
EndProject
Project("{FAE04EC0-301F-11D3-BF4B-00C04F79EFBC}") = "Test_DotNet45_x64_VS2012", "Demo\DotNet45_x64\Test_DotNet45_x64_VS2012.csproj", "{04719CF5-C208-4ABD-8AFE-AE2EE419E7E3}"
EndProject
Project("{FAE04EC0-301F-11D3-BF4B-00C04F79EFBC}") = "Test_DotNet45_VS2012", "Demo\DotNet45\Test_DotNet45_VS2012.csproj", "{4148B41C-CCFB-4C62-8EBE-5164832E3E1E}"
EndProject
Project("{FAE04EC0-301F-11D3-BF4B-00C04F79EFBC}") = "Test_DotNet46_x64_VS2015", "Demo\DotNet46_x64\Test_DotNet46_x64_VS2015.csproj", "{8F79A9F8-DBE1-42BA-92EA-715E856564C4}"
EndProject
Project("{FAE04EC0-301F-11D3-BF4B-00C04F79EFBC}") = "Test_DotNet46_VS2015", "Demo\DotNet46\Test_DotNet46_VS2015.csproj", "{85D856E2-7005-41ED-ADEC-10E10D4EC50C}"
EndProject
Project("{8BC9CEB8-8B4A-11D0-8D11-00A0C91BC942}") = "Injection_VS2015", "Injection\Injection_VS2015.vcxproj", "{6F52D49C-57FC-4C7B-BBE6-B443A4D3597E}"
EndProject
Project("{8BC9CEB8-8B4A-11D0-8D11-00A0C91BC942}") = "Injection_VS2015", "Injection_setRealJit\Injection_setRealJit_VS2015.vcxproj", "{4F3D61C5-E786-4E53-B5CE-6E085CBE97F5}"
EndProject
Global
	GlobalSection(SolutionConfigurationPlatforms) = preSolution
		Debug - X64|Mixed Platforms = Debug - X64|Mixed Platforms
		Debug - X64|x64 = Debug - X64|x64
		Debug - X64|x86 = Debug - X64|x86
		Debug - X86|Mixed Platforms = Debug - X86|Mixed Platforms
		Debug - X86|x64 = Debug - X86|x64
		Debug - X86|x86 = Debug - X86|x86
		Debug|Mixed Platforms = Debug|Mixed Platforms
		Debug|x64 = Debug|x64
		Debug|x86 = Debug|x86
		Release - X64|Mixed Platforms = Release - X64|Mixed Platforms
		Release - X64|x64 = Release - X64|x64
		Release - X64|x86 = Release - X64|x86
		Release - X86|Mixed Platforms = Release - X86|Mixed Platforms
		Release - X86|x64 = Release - X86|x64
		Release - X86|x86 = Release - X86|x86
		Release|Mixed Platforms = Release|Mixed Platforms
		Release|x64 = Release|x64
		Release|x86 = Release|x86
	EndGlobalSection
	GlobalSection(ProjectConfigurationPlatforms) = postSolution
		{6783DD47-B69D-4B6E-AB2F-1986CC20D598}.Debug - X64|Mixed Platforms.ActiveCfg = Release|x86
		{6783DD47-B69D-4B6E-AB2F-1986CC20D598}.Debug - X64|Mixed Platforms.Build.0 = Release|x86
		{6783DD47-B69D-4B6E-AB2F-1986CC20D598}.Debug - X64|x64.ActiveCfg = Release|x86
		{6783DD47-B69D-4B6E-AB2F-1986CC20D598}.Debug - X64|x64.Build.0 = Release|x86
		{6783DD47-B69D-4B6E-AB2F-1986CC20D598}.Debug - X64|x86.ActiveCfg = Release|x86
		{6783DD47-B69D-4B6E-AB2F-1986CC20D598}.Debug - X64|x86.Build.0 = Release|x86
		{6783DD47-B69D-4B6E-AB2F-1986CC20D598}.Debug - X86|Mixed Platforms.ActiveCfg = Release|x86
		{6783DD47-B69D-4B6E-AB2F-1986CC20D598}.Debug - X86|Mixed Platforms.Build.0 = Release|x86
		{6783DD47-B69D-4B6E-AB2F-1986CC20D598}.Debug - X86|x64.ActiveCfg = Release|x86
		{6783DD47-B69D-4B6E-AB2F-1986CC20D598}.Debug - X86|x64.Build.0 = Release|x86
		{6783DD47-B69D-4B6E-AB2F-1986CC20D598}.Debug - X86|x86.ActiveCfg = Release|x86
		{6783DD47-B69D-4B6E-AB2F-1986CC20D598}.Debug - X86|x86.Build.0 = Release|x86
		{6783DD47-B69D-4B6E-AB2F-1986CC20D598}.Debug|Mixed Platforms.ActiveCfg = Release|x86
		{6783DD47-B69D-4B6E-AB2F-1986CC20D598}.Debug|Mixed Platforms.Build.0 = Release|x86
		{6783DD47-B69D-4B6E-AB2F-1986CC20D598}.Debug|x64.ActiveCfg = Release|x86
		{6783DD47-B69D-4B6E-AB2F-1986CC20D598}.Debug|x64.Build.0 = Release|x86
		{6783DD47-B69D-4B6E-AB2F-1986CC20D598}.Debug|x86.ActiveCfg = Release|x86
		{6783DD47-B69D-4B6E-AB2F-1986CC20D598}.Debug|x86.Build.0 = Release|x86
		{6783DD47-B69D-4B6E-AB2F-1986CC20D598}.Release - X64|Mixed Platforms.ActiveCfg = Release|x86
		{6783DD47-B69D-4B6E-AB2F-1986CC20D598}.Release - X64|Mixed Platforms.Build.0 = Release|x86
		{6783DD47-B69D-4B6E-AB2F-1986CC20D598}.Release - X64|x64.ActiveCfg = Release|x86
		{6783DD47-B69D-4B6E-AB2F-1986CC20D598}.Release - X64|x64.Build.0 = Release|x86
		{6783DD47-B69D-4B6E-AB2F-1986CC20D598}.Release - X64|x86.ActiveCfg = Release|x86
		{6783DD47-B69D-4B6E-AB2F-1986CC20D598}.Release - X64|x86.Build.0 = Release|x86
		{6783DD47-B69D-4B6E-AB2F-1986CC20D598}.Release - X86|Mixed Platforms.ActiveCfg = Release|x86
		{6783DD47-B69D-4B6E-AB2F-1986CC20D598}.Release - X86|Mixed Platforms.Build.0 = Release|x86
		{6783DD47-B69D-4B6E-AB2F-1986CC20D598}.Release - X86|x64.ActiveCfg = Release|x86
		{6783DD47-B69D-4B6E-AB2F-1986CC20D598}.Release - X86|x64.Build.0 = Release|x86
		{6783DD47-B69D-4B6E-AB2F-1986CC20D598}.Release - X86|x86.ActiveCfg = Release|x86
		{6783DD47-B69D-4B6E-AB2F-1986CC20D598}.Release - X86|x86.Build.0 = Release|x86
		{6783DD47-B69D-4B6E-AB2F-1986CC20D598}.Release|Mixed Platforms.ActiveCfg = Release|x86
		{6783DD47-B69D-4B6E-AB2F-1986CC20D598}.Release|Mixed Platforms.Build.0 = Release|x86
		{6783DD47-B69D-4B6E-AB2F-1986CC20D598}.Release|x64.ActiveCfg = Release|x86
		{6783DD47-B69D-4B6E-AB2F-1986CC20D598}.Release|x64.Build.0 = Release|x86
		{6783DD47-B69D-4B6E-AB2F-1986CC20D598}.Release|x86.ActiveCfg = Release|x86
		{6783DD47-B69D-4B6E-AB2F-1986CC20D598}.Release|x86.Build.0 = Release|x86
		{001E7AD1-1DB7-4267-ABE6-37EE984656E2}.Debug - X64|Mixed Platforms.ActiveCfg = Release|x86
		{001E7AD1-1DB7-4267-ABE6-37EE984656E2}.Debug - X64|Mixed Platforms.Build.0 = Release|x86
		{001E7AD1-1DB7-4267-ABE6-37EE984656E2}.Debug - X64|x64.ActiveCfg = Release|x86
		{001E7AD1-1DB7-4267-ABE6-37EE984656E2}.Debug - X64|x64.Build.0 = Release|x86
		{001E7AD1-1DB7-4267-ABE6-37EE984656E2}.Debug - X64|x86.ActiveCfg = Release|x86
		{001E7AD1-1DB7-4267-ABE6-37EE984656E2}.Debug - X64|x86.Build.0 = Release|x86
		{001E7AD1-1DB7-4267-ABE6-37EE984656E2}.Debug - X86|Mixed Platforms.ActiveCfg = Release|x86
		{001E7AD1-1DB7-4267-ABE6-37EE984656E2}.Debug - X86|Mixed Platforms.Build.0 = Release|x86
		{001E7AD1-1DB7-4267-ABE6-37EE984656E2}.Debug - X86|x64.ActiveCfg = Release|x86
		{001E7AD1-1DB7-4267-ABE6-37EE984656E2}.Debug - X86|x64.Build.0 = Release|x86
		{001E7AD1-1DB7-4267-ABE6-37EE984656E2}.Debug - X86|x86.ActiveCfg = Release|x86
		{001E7AD1-1DB7-4267-ABE6-37EE984656E2}.Debug - X86|x86.Build.0 = Release|x86
		{001E7AD1-1DB7-4267-ABE6-37EE984656E2}.Debug|Mixed Platforms.ActiveCfg = Release|x86
		{001E7AD1-1DB7-4267-ABE6-37EE984656E2}.Debug|Mixed Platforms.Build.0 = Release|x86
		{001E7AD1-1DB7-4267-ABE6-37EE984656E2}.Debug|x64.ActiveCfg = Release|x86
		{001E7AD1-1DB7-4267-ABE6-37EE984656E2}.Debug|x64.Build.0 = Release|x86
		{001E7AD1-1DB7-4267-ABE6-37EE984656E2}.Debug|x86.ActiveCfg = Release|x86
		{001E7AD1-1DB7-4267-ABE6-37EE984656E2}.Debug|x86.Build.0 = Release|x86
		{001E7AD1-1DB7-4267-ABE6-37EE984656E2}.Release - X64|Mixed Platforms.ActiveCfg = Release|x86
		{001E7AD1-1DB7-4267-ABE6-37EE984656E2}.Release - X64|Mixed Platforms.Build.0 = Release|x86
		{001E7AD1-1DB7-4267-ABE6-37EE984656E2}.Release - X64|x64.ActiveCfg = Release|x86
		{001E7AD1-1DB7-4267-ABE6-37EE984656E2}.Release - X64|x64.Build.0 = Release|x86
		{001E7AD1-1DB7-4267-ABE6-37EE984656E2}.Release - X64|x86.ActiveCfg = Release|x86
		{001E7AD1-1DB7-4267-ABE6-37EE984656E2}.Release - X64|x86.Build.0 = Release|x86
		{001E7AD1-1DB7-4267-ABE6-37EE984656E2}.Release - X86|Mixed Platforms.ActiveCfg = Release|x86
		{001E7AD1-1DB7-4267-ABE6-37EE984656E2}.Release - X86|Mixed Platforms.Build.0 = Release|x86
		{001E7AD1-1DB7-4267-ABE6-37EE984656E2}.Release - X86|x64.ActiveCfg = Release|x86
		{001E7AD1-1DB7-4267-ABE6-37EE984656E2}.Release - X86|x64.Build.0 = Release|x86
		{001E7AD1-1DB7-4267-ABE6-37EE984656E2}.Release - X86|x86.ActiveCfg = Release|x86
		{001E7AD1-1DB7-4267-ABE6-37EE984656E2}.Release - X86|x86.Build.0 = Release|x86
		{001E7AD1-1DB7-4267-ABE6-37EE984656E2}.Release|Mixed Platforms.ActiveCfg = Release|x86
		{001E7AD1-1DB7-4267-ABE6-37EE984656E2}.Release|Mixed Platforms.Build.0 = Release|x86
		{001E7AD1-1DB7-4267-ABE6-37EE984656E2}.Release|x64.ActiveCfg = Release|x86
		{001E7AD1-1DB7-4267-ABE6-37EE984656E2}.Release|x64.Build.0 = Release|x86
		{001E7AD1-1DB7-4267-ABE6-37EE984656E2}.Release|x86.ActiveCfg = Release|x86
		{001E7AD1-1DB7-4267-ABE6-37EE984656E2}.Release|x86.Build.0 = Release|x86
		{56AF08D4-EBBC-4F32-B47D-4FC87E091AF7}.Debug - X64|Mixed Platforms.ActiveCfg = Release|x86
		{56AF08D4-EBBC-4F32-B47D-4FC87E091AF7}.Debug - X64|Mixed Platforms.Build.0 = Release|x86
		{56AF08D4-EBBC-4F32-B47D-4FC87E091AF7}.Debug - X64|x64.ActiveCfg = Release|x86
		{56AF08D4-EBBC-4F32-B47D-4FC87E091AF7}.Debug - X64|x64.Build.0 = Release|x86
		{56AF08D4-EBBC-4F32-B47D-4FC87E091AF7}.Debug - X64|x86.ActiveCfg = Release|x86
		{56AF08D4-EBBC-4F32-B47D-4FC87E091AF7}.Debug - X64|x86.Build.0 = Release|x86
		{56AF08D4-EBBC-4F32-B47D-4FC87E091AF7}.Debug - X86|Mixed Platforms.ActiveCfg = Release|x86
		{56AF08D4-EBBC-4F32-B47D-4FC87E091AF7}.Debug - X86|Mixed Platforms.Build.0 = Release|x86
		{56AF08D4-EBBC-4F32-B47D-4FC87E091AF7}.Debug - X86|x64.ActiveCfg = Release|x86
		{56AF08D4-EBBC-4F32-B47D-4FC87E091AF7}.Debug - X86|x64.Build.0 = Release|x86
		{56AF08D4-EBBC-4F32-B47D-4FC87E091AF7}.Debug - X86|x86.ActiveCfg = Release|x86
		{56AF08D4-EBBC-4F32-B47D-4FC87E091AF7}.Debug - X86|x86.Build.0 = Release|x86
		{56AF08D4-EBBC-4F32-B47D-4FC87E091AF7}.Debug|Mixed Platforms.ActiveCfg = Release|x86
		{56AF08D4-EBBC-4F32-B47D-4FC87E091AF7}.Debug|Mixed Platforms.Build.0 = Release|x86
		{56AF08D4-EBBC-4F32-B47D-4FC87E091AF7}.Debug|x64.ActiveCfg = Release|x86
		{56AF08D4-EBBC-4F32-B47D-4FC87E091AF7}.Debug|x64.Build.0 = Release|x86
		{56AF08D4-EBBC-4F32-B47D-4FC87E091AF7}.Debug|x86.ActiveCfg = Release|x86
		{56AF08D4-EBBC-4F32-B47D-4FC87E091AF7}.Debug|x86.Build.0 = Release|x86
		{56AF08D4-EBBC-4F32-B47D-4FC87E091AF7}.Release - X64|Mixed Platforms.ActiveCfg = Release|x86
		{56AF08D4-EBBC-4F32-B47D-4FC87E091AF7}.Release - X64|Mixed Platforms.Build.0 = Release|x86
		{56AF08D4-EBBC-4F32-B47D-4FC87E091AF7}.Release - X64|x64.ActiveCfg = Release|x86
		{56AF08D4-EBBC-4F32-B47D-4FC87E091AF7}.Release - X64|x64.Build.0 = Release|x86
		{56AF08D4-EBBC-4F32-B47D-4FC87E091AF7}.Release - X64|x86.ActiveCfg = Release|x86
		{56AF08D4-EBBC-4F32-B47D-4FC87E091AF7}.Release - X64|x86.Build.0 = Release|x86
		{56AF08D4-EBBC-4F32-B47D-4FC87E091AF7}.Release - X86|Mixed Platforms.ActiveCfg = Release|x86
		{56AF08D4-EBBC-4F32-B47D-4FC87E091AF7}.Release - X86|Mixed Platforms.Build.0 = Release|x86
		{56AF08D4-EBBC-4F32-B47D-4FC87E091AF7}.Release - X86|x64.ActiveCfg = Release|x86
		{56AF08D4-EBBC-4F32-B47D-4FC87E091AF7}.Release - X86|x64.Build.0 = Release|x86
		{56AF08D4-EBBC-4F32-B47D-4FC87E091AF7}.Release - X86|x86.ActiveCfg = Release|x86
		{56AF08D4-EBBC-4F32-B47D-4FC87E091AF7}.Release - X86|x86.Build.0 = Release|x86
		{56AF08D4-EBBC-4F32-B47D-4FC87E091AF7}.Release|Mixed Platforms.ActiveCfg = Release|x86
		{56AF08D4-EBBC-4F32-B47D-4FC87E091AF7}.Release|Mixed Platforms.Build.0 = Release|x86
		{56AF08D4-EBBC-4F32-B47D-4FC87E091AF7}.Release|x64.ActiveCfg = Release|x86
		{56AF08D4-EBBC-4F32-B47D-4FC87E091AF7}.Release|x64.Build.0 = Release|x86
		{56AF08D4-EBBC-4F32-B47D-4FC87E091AF7}.Release|x86.ActiveCfg = Release|x86
		{56AF08D4-EBBC-4F32-B47D-4FC87E091AF7}.Release|x86.Build.0 = Release|x86
		{13D422DC-9F8D-457B-831D-AD0846B02F9F}.Debug - X64|Mixed Platforms.ActiveCfg = Release|x64
		{13D422DC-9F8D-457B-831D-AD0846B02F9F}.Debug - X64|Mixed Platforms.Build.0 = Release|x64
		{13D422DC-9F8D-457B-831D-AD0846B02F9F}.Debug - X64|x64.ActiveCfg = Release|x64
		{13D422DC-9F8D-457B-831D-AD0846B02F9F}.Debug - X64|x64.Build.0 = Release|x64
		{13D422DC-9F8D-457B-831D-AD0846B02F9F}.Debug - X64|x86.ActiveCfg = Release|x64
		{13D422DC-9F8D-457B-831D-AD0846B02F9F}.Debug - X64|x86.Build.0 = Release|x64
		{13D422DC-9F8D-457B-831D-AD0846B02F9F}.Debug - X86|Mixed Platforms.ActiveCfg = Release|x64
		{13D422DC-9F8D-457B-831D-AD0846B02F9F}.Debug - X86|Mixed Platforms.Build.0 = Release|x64
		{13D422DC-9F8D-457B-831D-AD0846B02F9F}.Debug - X86|x64.ActiveCfg = Release|x64
		{13D422DC-9F8D-457B-831D-AD0846B02F9F}.Debug - X86|x64.Build.0 = Release|x64
		{13D422DC-9F8D-457B-831D-AD0846B02F9F}.Debug - X86|x86.ActiveCfg = Release|x64
		{13D422DC-9F8D-457B-831D-AD0846B02F9F}.Debug - X86|x86.Build.0 = Release|x64
		{13D422DC-9F8D-457B-831D-AD0846B02F9F}.Debug|Mixed Platforms.ActiveCfg = Release|x64
		{13D422DC-9F8D-457B-831D-AD0846B02F9F}.Debug|Mixed Platforms.Build.0 = Release|x64
		{13D422DC-9F8D-457B-831D-AD0846B02F9F}.Debug|x64.ActiveCfg = Release|x64
		{13D422DC-9F8D-457B-831D-AD0846B02F9F}.Debug|x64.Build.0 = Release|x64
		{13D422DC-9F8D-457B-831D-AD0846B02F9F}.Debug|x86.ActiveCfg = Release|x64
		{13D422DC-9F8D-457B-831D-AD0846B02F9F}.Debug|x86.Build.0 = Release|x64
		{13D422DC-9F8D-457B-831D-AD0846B02F9F}.Release - X64|Mixed Platforms.ActiveCfg = Release|x64
		{13D422DC-9F8D-457B-831D-AD0846B02F9F}.Release - X64|Mixed Platforms.Build.0 = Release|x64
		{13D422DC-9F8D-457B-831D-AD0846B02F9F}.Release - X64|x64.ActiveCfg = Release|x64
		{13D422DC-9F8D-457B-831D-AD0846B02F9F}.Release - X64|x64.Build.0 = Release|x64
		{13D422DC-9F8D-457B-831D-AD0846B02F9F}.Release - X64|x86.ActiveCfg = Release|x64
		{13D422DC-9F8D-457B-831D-AD0846B02F9F}.Release - X64|x86.Build.0 = Release|x64
		{13D422DC-9F8D-457B-831D-AD0846B02F9F}.Release - X86|Mixed Platforms.ActiveCfg = Release|x64
		{13D422DC-9F8D-457B-831D-AD0846B02F9F}.Release - X86|Mixed Platforms.Build.0 = Release|x64
		{13D422DC-9F8D-457B-831D-AD0846B02F9F}.Release - X86|x64.ActiveCfg = Release|x64
		{13D422DC-9F8D-457B-831D-AD0846B02F9F}.Release - X86|x64.Build.0 = Release|x64
		{13D422DC-9F8D-457B-831D-AD0846B02F9F}.Release - X86|x86.ActiveCfg = Release|x64
		{13D422DC-9F8D-457B-831D-AD0846B02F9F}.Release - X86|x86.Build.0 = Release|x64
		{13D422DC-9F8D-457B-831D-AD0846B02F9F}.Release|Mixed Platforms.ActiveCfg = Release|x64
		{13D422DC-9F8D-457B-831D-AD0846B02F9F}.Release|Mixed Platforms.Build.0 = Release|x64
		{13D422DC-9F8D-457B-831D-AD0846B02F9F}.Release|x64.ActiveCfg = Release|x64
		{13D422DC-9F8D-457B-831D-AD0846B02F9F}.Release|x64.Build.0 = Release|x64
		{13D422DC-9F8D-457B-831D-AD0846B02F9F}.Release|x86.ActiveCfg = Release|x64
		{13D422DC-9F8D-457B-831D-AD0846B02F9F}.Release|x86.Build.0 = Release|x64
		{7A5130C6-1441-45C8-AA7E-58D523E5AD12}.Debug - X64|Mixed Platforms.ActiveCfg = Release|x64
		{7A5130C6-1441-45C8-AA7E-58D523E5AD12}.Debug - X64|Mixed Platforms.Build.0 = Release|x64
		{7A5130C6-1441-45C8-AA7E-58D523E5AD12}.Debug - X64|x64.ActiveCfg = Release|x64
		{7A5130C6-1441-45C8-AA7E-58D523E5AD12}.Debug - X64|x64.Build.0 = Release|x64
		{7A5130C6-1441-45C8-AA7E-58D523E5AD12}.Debug - X64|x86.ActiveCfg = Release|x64
		{7A5130C6-1441-45C8-AA7E-58D523E5AD12}.Debug - X64|x86.Build.0 = Release|x64
		{7A5130C6-1441-45C8-AA7E-58D523E5AD12}.Debug - X86|Mixed Platforms.ActiveCfg = Release|x64
		{7A5130C6-1441-45C8-AA7E-58D523E5AD12}.Debug - X86|Mixed Platforms.Build.0 = Release|x64
		{7A5130C6-1441-45C8-AA7E-58D523E5AD12}.Debug - X86|x64.ActiveCfg = Release|x64
		{7A5130C6-1441-45C8-AA7E-58D523E5AD12}.Debug - X86|x64.Build.0 = Release|x64
		{7A5130C6-1441-45C8-AA7E-58D523E5AD12}.Debug - X86|x86.ActiveCfg = Release|x64
		{7A5130C6-1441-45C8-AA7E-58D523E5AD12}.Debug - X86|x86.Build.0 = Release|x64
		{7A5130C6-1441-45C8-AA7E-58D523E5AD12}.Debug|Mixed Platforms.ActiveCfg = Release|x64
		{7A5130C6-1441-45C8-AA7E-58D523E5AD12}.Debug|Mixed Platforms.Build.0 = Release|x64
		{7A5130C6-1441-45C8-AA7E-58D523E5AD12}.Debug|x64.ActiveCfg = Release|x64
		{7A5130C6-1441-45C8-AA7E-58D523E5AD12}.Debug|x64.Build.0 = Release|x64
		{7A5130C6-1441-45C8-AA7E-58D523E5AD12}.Debug|x86.ActiveCfg = Release|x64
		{7A5130C6-1441-45C8-AA7E-58D523E5AD12}.Debug|x86.Build.0 = Release|x64
		{7A5130C6-1441-45C8-AA7E-58D523E5AD12}.Release - X64|Mixed Platforms.ActiveCfg = Release|x64
		{7A5130C6-1441-45C8-AA7E-58D523E5AD12}.Release - X64|Mixed Platforms.Build.0 = Release|x64
		{7A5130C6-1441-45C8-AA7E-58D523E5AD12}.Release - X64|x64.ActiveCfg = Release|x64
		{7A5130C6-1441-45C8-AA7E-58D523E5AD12}.Release - X64|x64.Build.0 = Release|x64
		{7A5130C6-1441-45C8-AA7E-58D523E5AD12}.Release - X64|x86.ActiveCfg = Release|x64
		{7A5130C6-1441-45C8-AA7E-58D523E5AD12}.Release - X64|x86.Build.0 = Release|x64
		{7A5130C6-1441-45C8-AA7E-58D523E5AD12}.Release - X86|Mixed Platforms.ActiveCfg = Release|x64
		{7A5130C6-1441-45C8-AA7E-58D523E5AD12}.Release - X86|Mixed Platforms.Build.0 = Release|x64
		{7A5130C6-1441-45C8-AA7E-58D523E5AD12}.Release - X86|x64.ActiveCfg = Release|x64
		{7A5130C6-1441-45C8-AA7E-58D523E5AD12}.Release - X86|x64.Build.0 = Release|x64
		{7A5130C6-1441-45C8-AA7E-58D523E5AD12}.Release - X86|x86.ActiveCfg = Release|x64
		{7A5130C6-1441-45C8-AA7E-58D523E5AD12}.Release - X86|x86.Build.0 = Release|x64
		{7A5130C6-1441-45C8-AA7E-58D523E5AD12}.Release|Mixed Platforms.ActiveCfg = Release|x64
		{7A5130C6-1441-45C8-AA7E-58D523E5AD12}.Release|Mixed Platforms.Build.0 = Release|x64
		{7A5130C6-1441-45C8-AA7E-58D523E5AD12}.Release|x64.ActiveCfg = Release|x64
		{7A5130C6-1441-45C8-AA7E-58D523E5AD12}.Release|x64.Build.0 = Release|x64
		{7A5130C6-1441-45C8-AA7E-58D523E5AD12}.Release|x86.ActiveCfg = Release|x64
		{7A5130C6-1441-45C8-AA7E-58D523E5AD12}.Release|x86.Build.0 = Release|x64
		{ECF1FA2D-5DF6-45A5-B143-A4415EAA2B8C}.Debug - X64|Mixed Platforms.ActiveCfg = Release|x64
		{ECF1FA2D-5DF6-45A5-B143-A4415EAA2B8C}.Debug - X64|Mixed Platforms.Build.0 = Release|x64
		{ECF1FA2D-5DF6-45A5-B143-A4415EAA2B8C}.Debug - X64|x64.ActiveCfg = Release|x64
		{ECF1FA2D-5DF6-45A5-B143-A4415EAA2B8C}.Debug - X64|x64.Build.0 = Release|x64
		{ECF1FA2D-5DF6-45A5-B143-A4415EAA2B8C}.Debug - X64|x86.ActiveCfg = Release|x64
		{ECF1FA2D-5DF6-45A5-B143-A4415EAA2B8C}.Debug - X64|x86.Build.0 = Release|x64
		{ECF1FA2D-5DF6-45A5-B143-A4415EAA2B8C}.Debug - X86|Mixed Platforms.ActiveCfg = Release|x64
		{ECF1FA2D-5DF6-45A5-B143-A4415EAA2B8C}.Debug - X86|Mixed Platforms.Build.0 = Release|x64
		{ECF1FA2D-5DF6-45A5-B143-A4415EAA2B8C}.Debug - X86|x64.ActiveCfg = Release|x64
		{ECF1FA2D-5DF6-45A5-B143-A4415EAA2B8C}.Debug - X86|x64.Build.0 = Release|x64
		{ECF1FA2D-5DF6-45A5-B143-A4415EAA2B8C}.Debug - X86|x86.ActiveCfg = Release|x64
		{ECF1FA2D-5DF6-45A5-B143-A4415EAA2B8C}.Debug - X86|x86.Build.0 = Release|x64
		{ECF1FA2D-5DF6-45A5-B143-A4415EAA2B8C}.Debug|Mixed Platforms.ActiveCfg = Release|x64
		{ECF1FA2D-5DF6-45A5-B143-A4415EAA2B8C}.Debug|Mixed Platforms.Build.0 = Release|x64
		{ECF1FA2D-5DF6-45A5-B143-A4415EAA2B8C}.Debug|x64.ActiveCfg = Release|x64
		{ECF1FA2D-5DF6-45A5-B143-A4415EAA2B8C}.Debug|x64.Build.0 = Release|x64
		{ECF1FA2D-5DF6-45A5-B143-A4415EAA2B8C}.Debug|x86.ActiveCfg = Release|x64
		{ECF1FA2D-5DF6-45A5-B143-A4415EAA2B8C}.Debug|x86.Build.0 = Release|x64
		{ECF1FA2D-5DF6-45A5-B143-A4415EAA2B8C}.Release - X64|Mixed Platforms.ActiveCfg = Release|x64
		{ECF1FA2D-5DF6-45A5-B143-A4415EAA2B8C}.Release - X64|Mixed Platforms.Build.0 = Release|x64
		{ECF1FA2D-5DF6-45A5-B143-A4415EAA2B8C}.Release - X64|x64.ActiveCfg = Release|x64
		{ECF1FA2D-5DF6-45A5-B143-A4415EAA2B8C}.Release - X64|x64.Build.0 = Release|x64
		{ECF1FA2D-5DF6-45A5-B143-A4415EAA2B8C}.Release - X64|x86.ActiveCfg = Release|x64
		{ECF1FA2D-5DF6-45A5-B143-A4415EAA2B8C}.Release - X64|x86.Build.0 = Release|x64
		{ECF1FA2D-5DF6-45A5-B143-A4415EAA2B8C}.Release - X86|Mixed Platforms.ActiveCfg = Release|x64
		{ECF1FA2D-5DF6-45A5-B143-A4415EAA2B8C}.Release - X86|Mixed Platforms.Build.0 = Release|x64
		{ECF1FA2D-5DF6-45A5-B143-A4415EAA2B8C}.Release - X86|x64.ActiveCfg = Release|x64
		{ECF1FA2D-5DF6-45A5-B143-A4415EAA2B8C}.Release - X86|x64.Build.0 = Release|x64
		{ECF1FA2D-5DF6-45A5-B143-A4415EAA2B8C}.Release - X86|x86.ActiveCfg = Release|x64
		{ECF1FA2D-5DF6-45A5-B143-A4415EAA2B8C}.Release - X86|x86.Build.0 = Release|x64
		{ECF1FA2D-5DF6-45A5-B143-A4415EAA2B8C}.Release|Mixed Platforms.ActiveCfg = Release|x64
		{ECF1FA2D-5DF6-45A5-B143-A4415EAA2B8C}.Release|Mixed Platforms.Build.0 = Release|x64
		{ECF1FA2D-5DF6-45A5-B143-A4415EAA2B8C}.Release|x64.ActiveCfg = Release|x64
		{ECF1FA2D-5DF6-45A5-B143-A4415EAA2B8C}.Release|x64.Build.0 = Release|x64
		{ECF1FA2D-5DF6-45A5-B143-A4415EAA2B8C}.Release|x86.ActiveCfg = Release|x64
		{ECF1FA2D-5DF6-45A5-B143-A4415EAA2B8C}.Release|x86.Build.0 = Release|x64
		{04719CF5-C208-4ABD-8AFE-AE2EE419E7E3}.Debug - X64|Mixed Platforms.ActiveCfg = Release|x64
		{04719CF5-C208-4ABD-8AFE-AE2EE419E7E3}.Debug - X64|Mixed Platforms.Build.0 = Release|x64
		{04719CF5-C208-4ABD-8AFE-AE2EE419E7E3}.Debug - X64|x64.ActiveCfg = Release|x64
		{04719CF5-C208-4ABD-8AFE-AE2EE419E7E3}.Debug - X64|x64.Build.0 = Release|x64
		{04719CF5-C208-4ABD-8AFE-AE2EE419E7E3}.Debug - X64|x86.ActiveCfg = Release|x64
		{04719CF5-C208-4ABD-8AFE-AE2EE419E7E3}.Debug - X64|x86.Build.0 = Release|x64
		{04719CF5-C208-4ABD-8AFE-AE2EE419E7E3}.Debug - X86|Mixed Platforms.ActiveCfg = Release|x64
		{04719CF5-C208-4ABD-8AFE-AE2EE419E7E3}.Debug - X86|Mixed Platforms.Build.0 = Release|x64
		{04719CF5-C208-4ABD-8AFE-AE2EE419E7E3}.Debug - X86|x64.ActiveCfg = Release|x64
		{04719CF5-C208-4ABD-8AFE-AE2EE419E7E3}.Debug - X86|x64.Build.0 = Release|x64
		{04719CF5-C208-4ABD-8AFE-AE2EE419E7E3}.Debug - X86|x86.ActiveCfg = Release|x64
		{04719CF5-C208-4ABD-8AFE-AE2EE419E7E3}.Debug - X86|x86.Build.0 = Release|x64
		{04719CF5-C208-4ABD-8AFE-AE2EE419E7E3}.Debug|Mixed Platforms.ActiveCfg = Release|x64
		{04719CF5-C208-4ABD-8AFE-AE2EE419E7E3}.Debug|Mixed Platforms.Build.0 = Release|x64
		{04719CF5-C208-4ABD-8AFE-AE2EE419E7E3}.Debug|x64.ActiveCfg = Release|x64
		{04719CF5-C208-4ABD-8AFE-AE2EE419E7E3}.Debug|x64.Build.0 = Release|x64
		{04719CF5-C208-4ABD-8AFE-AE2EE419E7E3}.Debug|x86.ActiveCfg = Release|x64
		{04719CF5-C208-4ABD-8AFE-AE2EE419E7E3}.Debug|x86.Build.0 = Release|x64
		{04719CF5-C208-4ABD-8AFE-AE2EE419E7E3}.Release - X64|Mixed Platforms.ActiveCfg = Release|x64
		{04719CF5-C208-4ABD-8AFE-AE2EE419E7E3}.Release - X64|Mixed Platforms.Build.0 = Release|x64
		{04719CF5-C208-4ABD-8AFE-AE2EE419E7E3}.Release - X64|x64.ActiveCfg = Release|x64
		{04719CF5-C208-4ABD-8AFE-AE2EE419E7E3}.Release - X64|x64.Build.0 = Release|x64
		{04719CF5-C208-4ABD-8AFE-AE2EE419E7E3}.Release - X64|x86.ActiveCfg = Release|x64
		{04719CF5-C208-4ABD-8AFE-AE2EE419E7E3}.Release - X64|x86.Build.0 = Release|x64
		{04719CF5-C208-4ABD-8AFE-AE2EE419E7E3}.Release - X86|Mixed Platforms.ActiveCfg = Release|x64
		{04719CF5-C208-4ABD-8AFE-AE2EE419E7E3}.Release - X86|Mixed Platforms.Build.0 = Release|x64
		{04719CF5-C208-4ABD-8AFE-AE2EE419E7E3}.Release - X86|x64.ActiveCfg = Release|x64
		{04719CF5-C208-4ABD-8AFE-AE2EE419E7E3}.Release - X86|x64.Build.0 = Release|x64
		{04719CF5-C208-4ABD-8AFE-AE2EE419E7E3}.Release - X86|x86.ActiveCfg = Release|x64
		{04719CF5-C208-4ABD-8AFE-AE2EE419E7E3}.Release - X86|x86.Build.0 = Release|x64
		{04719CF5-C208-4ABD-8AFE-AE2EE419E7E3}.Release|Mixed Platforms.ActiveCfg = Release|x64
		{04719CF5-C208-4ABD-8AFE-AE2EE419E7E3}.Release|Mixed Platforms.Build.0 = Release|x64
		{04719CF5-C208-4ABD-8AFE-AE2EE419E7E3}.Release|x64.ActiveCfg = Release|x64
		{04719CF5-C208-4ABD-8AFE-AE2EE419E7E3}.Release|x64.Build.0 = Release|x64
		{04719CF5-C208-4ABD-8AFE-AE2EE419E7E3}.Release|x86.ActiveCfg = Release|x64
		{04719CF5-C208-4ABD-8AFE-AE2EE419E7E3}.Release|x86.Build.0 = Release|x64
		{4148B41C-CCFB-4C62-8EBE-5164832E3E1E}.Debug - X64|Mixed Platforms.ActiveCfg = Release|x86
		{4148B41C-CCFB-4C62-8EBE-5164832E3E1E}.Debug - X64|Mixed Platforms.Build.0 = Release|x86
		{4148B41C-CCFB-4C62-8EBE-5164832E3E1E}.Debug - X64|x64.ActiveCfg = Release|x86
		{4148B41C-CCFB-4C62-8EBE-5164832E3E1E}.Debug - X64|x64.Build.0 = Release|x86
		{4148B41C-CCFB-4C62-8EBE-5164832E3E1E}.Debug - X64|x86.ActiveCfg = Release|x86
		{4148B41C-CCFB-4C62-8EBE-5164832E3E1E}.Debug - X64|x86.Build.0 = Release|x86
		{4148B41C-CCFB-4C62-8EBE-5164832E3E1E}.Debug - X86|Mixed Platforms.ActiveCfg = Release|x86
		{4148B41C-CCFB-4C62-8EBE-5164832E3E1E}.Debug - X86|Mixed Platforms.Build.0 = Release|x86
		{4148B41C-CCFB-4C62-8EBE-5164832E3E1E}.Debug - X86|x64.ActiveCfg = Release|x86
		{4148B41C-CCFB-4C62-8EBE-5164832E3E1E}.Debug - X86|x64.Build.0 = Release|x86
		{4148B41C-CCFB-4C62-8EBE-5164832E3E1E}.Debug - X86|x86.ActiveCfg = Release|x86
		{4148B41C-CCFB-4C62-8EBE-5164832E3E1E}.Debug - X86|x86.Build.0 = Release|x86
		{4148B41C-CCFB-4C62-8EBE-5164832E3E1E}.Debug|Mixed Platforms.ActiveCfg = Release|x86
		{4148B41C-CCFB-4C62-8EBE-5164832E3E1E}.Debug|Mixed Platforms.Build.0 = Release|x86
		{4148B41C-CCFB-4C62-8EBE-5164832E3E1E}.Debug|x64.ActiveCfg = Release|x86
		{4148B41C-CCFB-4C62-8EBE-5164832E3E1E}.Debug|x64.Build.0 = Release|x86
		{4148B41C-CCFB-4C62-8EBE-5164832E3E1E}.Debug|x86.ActiveCfg = Release|x86
		{4148B41C-CCFB-4C62-8EBE-5164832E3E1E}.Debug|x86.Build.0 = Release|x86
		{4148B41C-CCFB-4C62-8EBE-5164832E3E1E}.Release - X64|Mixed Platforms.ActiveCfg = Release|x86
		{4148B41C-CCFB-4C62-8EBE-5164832E3E1E}.Release - X64|Mixed Platforms.Build.0 = Release|x86
		{4148B41C-CCFB-4C62-8EBE-5164832E3E1E}.Release - X64|x64.ActiveCfg = Release|x86
		{4148B41C-CCFB-4C62-8EBE-5164832E3E1E}.Release - X64|x64.Build.0 = Release|x86
		{4148B41C-CCFB-4C62-8EBE-5164832E3E1E}.Release - X64|x86.ActiveCfg = Release|x86
		{4148B41C-CCFB-4C62-8EBE-5164832E3E1E}.Release - X64|x86.Build.0 = Release|x86
		{4148B41C-CCFB-4C62-8EBE-5164832E3E1E}.Release - X86|Mixed Platforms.ActiveCfg = Release|x86
		{4148B41C-CCFB-4C62-8EBE-5164832E3E1E}.Release - X86|Mixed Platforms.Build.0 = Release|x86
		{4148B41C-CCFB-4C62-8EBE-5164832E3E1E}.Release - X86|x64.ActiveCfg = Release|x86
		{4148B41C-CCFB-4C62-8EBE-5164832E3E1E}.Release - X86|x64.Build.0 = Release|x86
		{4148B41C-CCFB-4C62-8EBE-5164832E3E1E}.Release - X86|x86.ActiveCfg = Release|x86
		{4148B41C-CCFB-4C62-8EBE-5164832E3E1E}.Release - X86|x86.Build.0 = Release|x86
		{4148B41C-CCFB-4C62-8EBE-5164832E3E1E}.Release|Mixed Platforms.ActiveCfg = Release|x86
		{4148B41C-CCFB-4C62-8EBE-5164832E3E1E}.Release|Mixed Platforms.Build.0 = Release|x86
		{4148B41C-CCFB-4C62-8EBE-5164832E3E1E}.Release|x64.ActiveCfg = Release|x86
		{4148B41C-CCFB-4C62-8EBE-5164832E3E1E}.Release|x64.Build.0 = Release|x86
		{4148B41C-CCFB-4C62-8EBE-5164832E3E1E}.Release|x86.ActiveCfg = Release|x86
		{4148B41C-CCFB-4C62-8EBE-5164832E3E1E}.Release|x86.Build.0 = Release|x86
		{8F79A9F8-DBE1-42BA-92EA-715E856564C4}.Debug - X64|Mixed Platforms.ActiveCfg = Release|x64
		{8F79A9F8-DBE1-42BA-92EA-715E856564C4}.Debug - X64|Mixed Platforms.Build.0 = Release|x64
		{8F79A9F8-DBE1-42BA-92EA-715E856564C4}.Debug - X64|x64.ActiveCfg = Release|x64
		{8F79A9F8-DBE1-42BA-92EA-715E856564C4}.Debug - X64|x64.Build.0 = Release|x64
		{8F79A9F8-DBE1-42BA-92EA-715E856564C4}.Debug - X64|x86.ActiveCfg = Release|x64
		{8F79A9F8-DBE1-42BA-92EA-715E856564C4}.Debug - X64|x86.Build.0 = Release|x64
		{8F79A9F8-DBE1-42BA-92EA-715E856564C4}.Debug - X86|Mixed Platforms.ActiveCfg = Release|x64
		{8F79A9F8-DBE1-42BA-92EA-715E856564C4}.Debug - X86|Mixed Platforms.Build.0 = Release|x64
		{8F79A9F8-DBE1-42BA-92EA-715E856564C4}.Debug - X86|x64.ActiveCfg = Release|x64
		{8F79A9F8-DBE1-42BA-92EA-715E856564C4}.Debug - X86|x64.Build.0 = Release|x64
		{8F79A9F8-DBE1-42BA-92EA-715E856564C4}.Debug - X86|x86.ActiveCfg = Release|x64
		{8F79A9F8-DBE1-42BA-92EA-715E856564C4}.Debug - X86|x86.Build.0 = Release|x64
		{8F79A9F8-DBE1-42BA-92EA-715E856564C4}.Debug|Mixed Platforms.ActiveCfg = Release|x64
		{8F79A9F8-DBE1-42BA-92EA-715E856564C4}.Debug|Mixed Platforms.Build.0 = Release|x64
		{8F79A9F8-DBE1-42BA-92EA-715E856564C4}.Debug|x64.ActiveCfg = Release|x64
		{8F79A9F8-DBE1-42BA-92EA-715E856564C4}.Debug|x64.Build.0 = Release|x64
		{8F79A9F8-DBE1-42BA-92EA-715E856564C4}.Debug|x86.ActiveCfg = Release|x64
		{8F79A9F8-DBE1-42BA-92EA-715E856564C4}.Debug|x86.Build.0 = Release|x64
		{8F79A9F8-DBE1-42BA-92EA-715E856564C4}.Release - X64|Mixed Platforms.ActiveCfg = Release|x64
		{8F79A9F8-DBE1-42BA-92EA-715E856564C4}.Release - X64|Mixed Platforms.Build.0 = Release|x64
		{8F79A9F8-DBE1-42BA-92EA-715E856564C4}.Release - X64|x64.ActiveCfg = Release|x64
		{8F79A9F8-DBE1-42BA-92EA-715E856564C4}.Release - X64|x64.Build.0 = Release|x64
		{8F79A9F8-DBE1-42BA-92EA-715E856564C4}.Release - X64|x86.ActiveCfg = Release|x64
		{8F79A9F8-DBE1-42BA-92EA-715E856564C4}.Release - X64|x86.Build.0 = Release|x64
		{8F79A9F8-DBE1-42BA-92EA-715E856564C4}.Release - X86|Mixed Platforms.ActiveCfg = Release|x64
		{8F79A9F8-DBE1-42BA-92EA-715E856564C4}.Release - X86|Mixed Platforms.Build.0 = Release|x64
		{8F79A9F8-DBE1-42BA-92EA-715E856564C4}.Release - X86|x64.ActiveCfg = Release|x64
		{8F79A9F8-DBE1-42BA-92EA-715E856564C4}.Release - X86|x64.Build.0 = Release|x64
		{8F79A9F8-DBE1-42BA-92EA-715E856564C4}.Release - X86|x86.ActiveCfg = Release|x64
		{8F79A9F8-DBE1-42BA-92EA-715E856564C4}.Release - X86|x86.Build.0 = Release|x64
		{8F79A9F8-DBE1-42BA-92EA-715E856564C4}.Release|Mixed Platforms.ActiveCfg = Release|x64
		{8F79A9F8-DBE1-42BA-92EA-715E856564C4}.Release|Mixed Platforms.Build.0 = Release|x64
		{8F79A9F8-DBE1-42BA-92EA-715E856564C4}.Release|x64.ActiveCfg = Release|x64
		{8F79A9F8-DBE1-42BA-92EA-715E856564C4}.Release|x64.Build.0 = Release|x64
		{8F79A9F8-DBE1-42BA-92EA-715E856564C4}.Release|x86.ActiveCfg = Release|x64
		{8F79A9F8-DBE1-42BA-92EA-715E856564C4}.Release|x86.Build.0 = Release|x64
		{85D856E2-7005-41ED-ADEC-10E10D4EC50C}.Debug - X64|Mixed Platforms.ActiveCfg = Release|x86
		{85D856E2-7005-41ED-ADEC-10E10D4EC50C}.Debug - X64|Mixed Platforms.Build.0 = Release|x86
		{85D856E2-7005-41ED-ADEC-10E10D4EC50C}.Debug - X64|x64.ActiveCfg = Release|x86
		{85D856E2-7005-41ED-ADEC-10E10D4EC50C}.Debug - X64|x64.Build.0 = Release|x86
		{85D856E2-7005-41ED-ADEC-10E10D4EC50C}.Debug - X64|x86.ActiveCfg = Release|x86
		{85D856E2-7005-41ED-ADEC-10E10D4EC50C}.Debug - X64|x86.Build.0 = Release|x86
		{85D856E2-7005-41ED-ADEC-10E10D4EC50C}.Debug - X86|Mixed Platforms.ActiveCfg = Release|x86
		{85D856E2-7005-41ED-ADEC-10E10D4EC50C}.Debug - X86|Mixed Platforms.Build.0 = Release|x86
		{85D856E2-7005-41ED-ADEC-10E10D4EC50C}.Debug - X86|x64.ActiveCfg = Release|x86
		{85D856E2-7005-41ED-ADEC-10E10D4EC50C}.Debug - X86|x64.Build.0 = Release|x86
		{85D856E2-7005-41ED-ADEC-10E10D4EC50C}.Debug - X86|x86.ActiveCfg = Release|x86
		{85D856E2-7005-41ED-ADEC-10E10D4EC50C}.Debug - X86|x86.Build.0 = Release|x86
		{85D856E2-7005-41ED-ADEC-10E10D4EC50C}.Debug|Mixed Platforms.ActiveCfg = Release|x86
		{85D856E2-7005-41ED-ADEC-10E10D4EC50C}.Debug|Mixed Platforms.Build.0 = Release|x86
		{85D856E2-7005-41ED-ADEC-10E10D4EC50C}.Debug|x64.ActiveCfg = Release|x86
		{85D856E2-7005-41ED-ADEC-10E10D4EC50C}.Debug|x64.Build.0 = Release|x86
		{85D856E2-7005-41ED-ADEC-10E10D4EC50C}.Debug|x86.ActiveCfg = Release|x86
		{85D856E2-7005-41ED-ADEC-10E10D4EC50C}.Debug|x86.Build.0 = Release|x86
		{85D856E2-7005-41ED-ADEC-10E10D4EC50C}.Release - X64|Mixed Platforms.ActiveCfg = Release|x86
		{85D856E2-7005-41ED-ADEC-10E10D4EC50C}.Release - X64|Mixed Platforms.Build.0 = Release|x86
		{85D856E2-7005-41ED-ADEC-10E10D4EC50C}.Release - X64|x64.ActiveCfg = Release|x86
		{85D856E2-7005-41ED-ADEC-10E10D4EC50C}.Release - X64|x64.Build.0 = Release|x86
		{85D856E2-7005-41ED-ADEC-10E10D4EC50C}.Release - X64|x86.ActiveCfg = Release|x86
		{85D856E2-7005-41ED-ADEC-10E10D4EC50C}.Release - X64|x86.Build.0 = Release|x86
		{85D856E2-7005-41ED-ADEC-10E10D4EC50C}.Release - X86|Mixed Platforms.ActiveCfg = Release|x86
		{85D856E2-7005-41ED-ADEC-10E10D4EC50C}.Release - X86|Mixed Platforms.Build.0 = Release|x86
		{85D856E2-7005-41ED-ADEC-10E10D4EC50C}.Release - X86|x64.ActiveCfg = Release|x86
		{85D856E2-7005-41ED-ADEC-10E10D4EC50C}.Release - X86|x64.Build.0 = Release|x86
		{85D856E2-7005-41ED-ADEC-10E10D4EC50C}.Release - X86|x86.ActiveCfg = Release|x86
		{85D856E2-7005-41ED-ADEC-10E10D4EC50C}.Release - X86|x86.Build.0 = Release|x86
		{85D856E2-7005-41ED-ADEC-10E10D4EC50C}.Release|Mixed Platforms.ActiveCfg = Release|x86
		{85D856E2-7005-41ED-ADEC-10E10D4EC50C}.Release|Mixed Platforms.Build.0 = Release|x86
		{85D856E2-7005-41ED-ADEC-10E10D4EC50C}.Release|x64.ActiveCfg = Release|x86
		{85D856E2-7005-41ED-ADEC-10E10D4EC50C}.Release|x64.Build.0 = Release|x86
		{85D856E2-7005-41ED-ADEC-10E10D4EC50C}.Release|x86.ActiveCfg = Release|x86
		{85D856E2-7005-41ED-ADEC-10E10D4EC50C}.Release|x86.Build.0 = Release|x86
		{6F52D49C-57FC-4C7B-BBE6-B443A4D3597E}.Debug - X64|Mixed Platforms.ActiveCfg = Debug - X64|Win32
		{6F52D49C-57FC-4C7B-BBE6-B443A4D3597E}.Debug - X64|Mixed Platforms.Build.0 = Debug - X64|Win32
		{6F52D49C-57FC-4C7B-BBE6-B443A4D3597E}.Debug - X64|x64.ActiveCfg = Debug - X64|x64
		{6F52D49C-57FC-4C7B-BBE6-B443A4D3597E}.Debug - X64|x64.Build.0 = Debug - X64|x64
		{6F52D49C-57FC-4C7B-BBE6-B443A4D3597E}.Debug - X64|x86.ActiveCfg = Debug - X64|Win32
		{6F52D49C-57FC-4C7B-BBE6-B443A4D3597E}.Debug - X64|x86.Build.0 = Debug - X64|Win32
		{6F52D49C-57FC-4C7B-BBE6-B443A4D3597E}.Debug - X86|Mixed Platforms.ActiveCfg = Debug - X64|Win32
		{6F52D49C-57FC-4C7B-BBE6-B443A4D3597E}.Debug - X86|Mixed Platforms.Build.0 = Debug - X64|Win32
		{6F52D49C-57FC-4C7B-BBE6-B443A4D3597E}.Debug - X86|x64.ActiveCfg = Debug - X64|x64
		{6F52D49C-57FC-4C7B-BBE6-B443A4D3597E}.Debug - X86|x64.Build.0 = Debug - X64|x64
		{6F52D49C-57FC-4C7B-BBE6-B443A4D3597E}.Debug - X86|x86.ActiveCfg = Debug - X64|Win32
		{6F52D49C-57FC-4C7B-BBE6-B443A4D3597E}.Debug - X86|x86.Build.0 = Debug - X64|Win32
		{6F52D49C-57FC-4C7B-BBE6-B443A4D3597E}.Debug|Mixed Platforms.ActiveCfg = Debug|x64
		{6F52D49C-57FC-4C7B-BBE6-B443A4D3597E}.Debug|Mixed Platforms.Build.0 = Debug|x64
		{6F52D49C-57FC-4C7B-BBE6-B443A4D3597E}.Debug|x64.ActiveCfg = Release|x64
		{6F52D49C-57FC-4C7B-BBE6-B443A4D3597E}.Debug|x64.Build.0 = Release|x64
		{6F52D49C-57FC-4C7B-BBE6-B443A4D3597E}.Debug|x86.ActiveCfg = Debug|Win32
		{6F52D49C-57FC-4C7B-BBE6-B443A4D3597E}.Debug|x86.Build.0 = Debug|Win32
		{6F52D49C-57FC-4C7B-BBE6-B443A4D3597E}.Release - X64|Mixed Platforms.ActiveCfg = Release - X64|Win32
		{6F52D49C-57FC-4C7B-BBE6-B443A4D3597E}.Release - X64|Mixed Platforms.Build.0 = Release - X64|Win32
		{6F52D49C-57FC-4C7B-BBE6-B443A4D3597E}.Release - X64|x64.ActiveCfg = Release - X64|x64
		{6F52D49C-57FC-4C7B-BBE6-B443A4D3597E}.Release - X64|x64.Build.0 = Release - X64|x64
		{6F52D49C-57FC-4C7B-BBE6-B443A4D3597E}.Release - X64|x86.ActiveCfg = Release - X64|Win32
		{6F52D49C-57FC-4C7B-BBE6-B443A4D3597E}.Release - X64|x86.Build.0 = Release - X64|Win32
		{6F52D49C-57FC-4C7B-BBE6-B443A4D3597E}.Release - X86|Mixed Platforms.ActiveCfg = Release - X64|Win32
		{6F52D49C-57FC-4C7B-BBE6-B443A4D3597E}.Release - X86|Mixed Platforms.Build.0 = Release - X64|Win32
		{6F52D49C-57FC-4C7B-BBE6-B443A4D3597E}.Release - X86|x64.ActiveCfg = Release - X64|x64
		{6F52D49C-57FC-4C7B-BBE6-B443A4D3597E}.Release - X86|x64.Build.0 = Release - X64|x64
		{6F52D49C-57FC-4C7B-BBE6-B443A4D3597E}.Release - X86|x86.ActiveCfg = Release - X64|Win32
		{6F52D49C-57FC-4C7B-BBE6-B443A4D3597E}.Release - X86|x86.Build.0 = Release - X64|Win32
		{6F52D49C-57FC-4C7B-BBE6-B443A4D3597E}.Release|Mixed Platforms.ActiveCfg = Release|Win32
		{6F52D49C-57FC-4C7B-BBE6-B443A4D3597E}.Release|Mixed Platforms.Build.0 = Release|Win32
		{6F52D49C-57FC-4C7B-BBE6-B443A4D3597E}.Release|x64.ActiveCfg = Release|x64
		{6F52D49C-57FC-4C7B-BBE6-B443A4D3597E}.Release|x64.Build.0 = Release|x64
		{6F52D49C-57FC-4C7B-BBE6-B443A4D3597E}.Release|x86.ActiveCfg = Release|Win32
		{6F52D49C-57FC-4C7B-BBE6-B443A4D3597E}.Release|x86.Build.0 = Release|Win32
		{4F3D61C5-E786-4E53-B5CE-6E085CBE97F5}.Debug - X64|Mixed Platforms.ActiveCfg = Debug - X64|Win32
		{4F3D61C5-E786-4E53-B5CE-6E085CBE97F5}.Debug - X64|Mixed Platforms.Build.0 = Debug - X64|Win32
		{4F3D61C5-E786-4E53-B5CE-6E085CBE97F5}.Debug - X64|x64.ActiveCfg = Debug - X64|x64
		{4F3D61C5-E786-4E53-B5CE-6E085CBE97F5}.Debug - X64|x64.Build.0 = Debug - X64|x64
		{4F3D61C5-E786-4E53-B5CE-6E085CBE97F5}.Debug - X64|x86.ActiveCfg = Debug - X64|Win32
		{4F3D61C5-E786-4E53-B5CE-6E085CBE97F5}.Debug - X64|x86.Build.0 = Debug - X64|Win32
		{4F3D61C5-E786-4E53-B5CE-6E085CBE97F5}.Debug - X86|Mixed Platforms.ActiveCfg = Debug - X64|Win32
		{4F3D61C5-E786-4E53-B5CE-6E085CBE97F5}.Debug - X86|Mixed Platforms.Build.0 = Debug - X64|Win32
		{4F3D61C5-E786-4E53-B5CE-6E085CBE97F5}.Debug - X86|x64.ActiveCfg = Debug - X64|x64
		{4F3D61C5-E786-4E53-B5CE-6E085CBE97F5}.Debug - X86|x64.Build.0 = Debug - X64|x64
		{4F3D61C5-E786-4E53-B5CE-6E085CBE97F5}.Debug - X86|x86.ActiveCfg = Debug - X64|Win32
		{4F3D61C5-E786-4E53-B5CE-6E085CBE97F5}.Debug - X86|x86.Build.0 = Debug - X64|Win32
		{4F3D61C5-E786-4E53-B5CE-6E085CBE97F5}.Debug|Mixed Platforms.ActiveCfg = Debug|Win32
		{4F3D61C5-E786-4E53-B5CE-6E085CBE97F5}.Debug|Mixed Platforms.Build.0 = Debug|Win32
		{4F3D61C5-E786-4E53-B5CE-6E085CBE97F5}.Debug|x64.ActiveCfg = Debug|x64
		{4F3D61C5-E786-4E53-B5CE-6E085CBE97F5}.Debug|x64.Build.0 = Debug|x64
		{4F3D61C5-E786-4E53-B5CE-6E085CBE97F5}.Debug|x86.ActiveCfg = Debug|Win32
		{4F3D61C5-E786-4E53-B5CE-6E085CBE97F5}.Debug|x86.Build.0 = Debug|Win32
		{4F3D61C5-E786-4E53-B5CE-6E085CBE97F5}.Release - X64|Mixed Platforms.ActiveCfg = Release - X64|Win32
		{4F3D61C5-E786-4E53-B5CE-6E085CBE97F5}.Release - X64|Mixed Platforms.Build.0 = Release - X64|Win32
		{4F3D61C5-E786-4E53-B5CE-6E085CBE97F5}.Release - X64|x64.ActiveCfg = Release - X64|x64
		{4F3D61C5-E786-4E53-B5CE-6E085CBE97F5}.Release - X64|x64.Build.0 = Release - X64|x64
		{4F3D61C5-E786-4E53-B5CE-6E085CBE97F5}.Release - X64|x86.ActiveCfg = Release - X64|Win32
		{4F3D61C5-E786-4E53-B5CE-6E085CBE97F5}.Release - X64|x86.Build.0 = Release - X64|Win32
		{4F3D61C5-E786-4E53-B5CE-6E085CBE97F5}.Release - X86|Mixed Platforms.ActiveCfg = Release - X64|Win32
		{4F3D61C5-E786-4E53-B5CE-6E085CBE97F5}.Release - X86|Mixed Platforms.Build.0 = Release - X64|Win32
		{4F3D61C5-E786-4E53-B5CE-6E085CBE97F5}.Release - X86|x64.ActiveCfg = Release - X64|x64
		{4F3D61C5-E786-4E53-B5CE-6E085CBE97F5}.Release - X86|x64.Build.0 = Release - X64|x64
		{4F3D61C5-E786-4E53-B5CE-6E085CBE97F5}.Release - X86|x86.ActiveCfg = Release - X64|Win32
		{4F3D61C5-E786-4E53-B5CE-6E085CBE97F5}.Release - X86|x86.Build.0 = Release - X64|Win32
		{4F3D61C5-E786-4E53-B5CE-6E085CBE97F5}.Release|Mixed Platforms.ActiveCfg = Release|Win32
		{4F3D61C5-E786-4E53-B5CE-6E085CBE97F5}.Release|Mixed Platforms.Build.0 = Release|Win32
		{4F3D61C5-E786-4E53-B5CE-6E085CBE97F5}.Release|x64.ActiveCfg = Release|x64
		{4F3D61C5-E786-4E53-B5CE-6E085CBE97F5}.Release|x64.Build.0 = Release|x64
		{4F3D61C5-E786-4E53-B5CE-6E085CBE97F5}.Release|x86.ActiveCfg = Release|Win32
		{4F3D61C5-E786-4E53-B5CE-6E085CBE97F5}.Release|x86.Build.0 = Release|Win32
	EndGlobalSection
	GlobalSection(SolutionProperties) = preSolution
		HideSolutionNode = FALSE
	EndGlobalSection
EndGlobal
