
Microsoft Visual Studio Solution File, Format Version 12.00
# Visual Studio 14
VisualStudioVersion = 14.0.25123.0
MinimumVisualStudioVersion = 10.0.40219.1
Project("{FAE04EC0-301F-11D3-BF4B-00C04F79EFBC}") = "Test_DotNet462_VS2015", "Test_DotNet462_VS2015.csproj", "{85D856E2-7005-41ED-ADEC-10E10D4EC50C}"
EndProject
Global
	GlobalSection(SolutionConfigurationPlatforms) = preSolution
		Release|x64 = Release|x64
		Release|x86 = Release|x86
	EndGlobalSection
	GlobalSection(ProjectConfigurationPlatforms) = postSolution
		{85D856E2-7005-41ED-ADEC-10E10D4EC50C}.Release|x64.ActiveCfg = Release|x64
		{85D856E2-7005-41ED-ADEC-10E10D4EC50C}.Release|x64.Build.0 = Release|x64
		{85D856E2-7005-41ED-ADEC-10E10D4EC50C}.Release|x86.ActiveCfg = Release|x86
		{85D856E2-7005-41ED-ADEC-10E10D4EC50C}.Release|x86.Build.0 = Release|x86
	EndGlobalSection
	GlobalSection(SolutionProperties) = preSolution
		HideSolutionNode = FALSE
	EndGlobalSection
EndGlobal
